
Microsoft Visual Studio Solution File, Format Version 12.00
# Visual Studio Version 17
VisualStudioVersion = 17.1.32210.238
MinimumVisualStudioVersion = 10.0.40219.1
Project("{FAE04EC0-301F-11D3-BF4B-00C04F79EFBC}") = "lesson55Challenge", "lesson55Challenge\lesson55Challenge.csproj", "{6F24C38C-A660-4441-B1C8-DC5F8B700A00}"
EndProject
Global
	GlobalSection(SolutionConfigurationPlatforms) = preSolution
		Debug|Any CPU = Debug|Any CPU
		Release|Any CPU = Release|Any CPU
	EndGlobalSection
	GlobalSection(ProjectConfigurationPlatforms) = postSolution
		{6F24C38C-A660-4441-B1C8-DC5F8B700A00}.Debug|Any CPU.ActiveCfg = Debug|Any CPU
		{6F24C38C-A660-4441-B1C8-DC5F8B700A00}.Debug|Any CPU.Build.0 = Debug|Any CPU
		{6F24C38C-A660-4441-B1C8-DC5F8B700A00}.Release|Any CPU.ActiveCfg = Release|Any CPU
		{6F24C38C-A660-4441-B1C8-DC5F8B700A00}.Release|Any CPU.Build.0 = Release|Any CPU
	EndGlobalSection
	GlobalSection(SolutionProperties) = preSolution
		HideSolutionNode = FALSE
	EndGlobalSection
	GlobalSection(ExtensibilityGlobals) = postSolution
		SolutionGuid = {FB5B8AF6-C48F-4DBE-89B5-3C37A4E26427}
	EndGlobalSection
EndGlobal
